
Microsoft Visual Studio Solution File, Format Version 12.00
# Visual Studio Version 17
VisualStudioVersion = 17.7.34221.43
MinimumVisualStudioVersion = 10.0.40219.1
Project("{FAE04EC0-301F-11D3-BF4B-00C04F79EFBC}") = "moodleOppgave04", "moodleOppgave04\moodleOppgave04.csproj", "{474AEDC9-4D21-481E-BB17-2CDB6E31C438}"
EndProject
Global
	GlobalSection(SolutionConfigurationPlatforms) = preSolution
		Debug|Any CPU = Debug|Any CPU
		Release|Any CPU = Release|Any CPU
	EndGlobalSection
	GlobalSection(ProjectConfigurationPlatforms) = postSolution
		{474AEDC9-4D21-481E-BB17-2CDB6E31C438}.Debug|Any CPU.ActiveCfg = Debug|Any CPU
		{474AEDC9-4D21-481E-BB17-2CDB6E31C438}.Debug|Any CPU.Build.0 = Debug|Any CPU
		{474AEDC9-4D21-481E-BB17-2CDB6E31C438}.Release|Any CPU.ActiveCfg = Release|Any CPU
		{474AEDC9-4D21-481E-BB17-2CDB6E31C438}.Release|Any CPU.Build.0 = Release|Any CPU
	EndGlobalSection
	GlobalSection(SolutionProperties) = preSolution
		HideSolutionNode = FALSE
	EndGlobalSection
	GlobalSection(ExtensibilityGlobals) = postSolution
		SolutionGuid = {A3A86514-8FEC-4821-8913-23AD17D34011}
	EndGlobalSection
EndGlobal
